// !$*UTF8*$!
{
	archiveVersion = 1;
	classes = {
	};
	objectVersion = 46;
	objects = {

/* Begin PBXBuildFile section */
		81A31FBD1D4209E100D5F02D /* AppDelegate.swift in Sources */ = {isa = PBXBuildFile; fileRef = 81A31FB41D4209E100D5F02D /* AppDelegate.swift */; };
		81A31FBE1D4209E100D5F02D /* Assets.xcassets in Resources */ = {isa = PBXBuildFile; fileRef = 81A31FB51D4209E100D5F02D /* Assets.xcassets */; };
		81A31FBF1D4209E100D5F02D /* Background_Image.jpeg in Resources */ = {isa = PBXBuildFile; fileRef = 81A31FB61D4209E100D5F02D /* Background_Image.jpeg */; };
		81A31FC01D4209E100D5F02D /* LaunchScreen.storyboard in Resources */ = {isa = PBXBuildFile; fileRef = 81A31FB71D4209E100D5F02D /* LaunchScreen.storyboard */; };
		81A31FC11D4209E100D5F02D /* Main.storyboard in Resources */ = {isa = PBXBuildFile; fileRef = 81A31FB91D4209E100D5F02D /* Main.storyboard */; };
		81A31FC21D4209E100D5F02D /* Info.plist in Resources */ = {isa = PBXBuildFile; fileRef = 81A31FBB1D4209E100D5F02D /* Info.plist */; };
		81A31FC31D4209E100D5F02D /* ViewController.swift in Sources */ = {isa = PBXBuildFile; fileRef = 81A31FBC1D4209E100D5F02D /* ViewController.swift */; };
/* End PBXBuildFile section */

/* Begin PBXFileReference section */
		819A87501D330F1400C40406 /* WidgetSample.app */ = {isa = PBXFileReference; explicitFileType = wrapper.application; includeInIndex = 0; path = WidgetSample.app; sourceTree = BUILT_PRODUCTS_DIR; };
		81A31FB41D4209E100D5F02D /* AppDelegate.swift */ = {isa = PBXFileReference; fileEncoding = 4; lastKnownFileType = sourcecode.swift; path = AppDelegate.swift; sourceTree = "<group>"; };
		81A31FB51D4209E100D5F02D /* Assets.xcassets */ = {isa = PBXFileReference; lastKnownFileType = folder.assetcatalog; path = Assets.xcassets; sourceTree = "<group>"; };
		81A31FB61D4209E100D5F02D /* Background_Image.jpeg */ = {isa = PBXFileReference; lastKnownFileType = image.jpeg; path = Background_Image.jpeg; sourceTree = "<group>"; };
		81A31FB81D4209E100D5F02D /* Base */ = {isa = PBXFileReference; lastKnownFileType = file.storyboard; name = Base; path = Base.lproj/LaunchScreen.storyboard; sourceTree = "<group>"; };
		81A31FBA1D4209E100D5F02D /* Base */ = {isa = PBXFileReference; lastKnownFileType = file.storyboard; name = Base; path = Base.lproj/Main.storyboard; sourceTree = "<group>"; };
		81A31FBB1D4209E100D5F02D /* Info.plist */ = {isa = PBXFileReference; fileEncoding = 4; lastKnownFileType = text.plist.xml; path = Info.plist; sourceTree = "<group>"; };
		81A31FBC1D4209E100D5F02D /* ViewController.swift */ = {isa = PBXFileReference; fileEncoding = 4; lastKnownFileType = sourcecode.swift; path = ViewController.swift; sourceTree = "<group>"; };
/* End PBXFileReference section */

/* Begin PBXFrameworksBuildPhase section */
		819A874D1D330F1400C40406 /* Frameworks */ = {
			isa = PBXFrameworksBuildPhase;
			buildActionMask = 2147483647;
			files = (
			);
			runOnlyForDeploymentPostprocessing = 0;
		};
/* End PBXFrameworksBuildPhase section */

/* Begin PBXGroup section */
		819A87471D330F1400C40406 = {
			isa = PBXGroup;
			children = (
				81A31FB31D4209E100D5F02D /* WidgetSample */,
				819A87511D330F1400C40406 /* Products */,
			);
			sourceTree = "<group>";
		};
		819A87511D330F1400C40406 /* Products */ = {
			isa = PBXGroup;
			children = (
				819A87501D330F1400C40406 /* WidgetSample.app */,
			);
			name = Products;
			sourceTree = "<group>";
		};
		81A31FB31D4209E100D5F02D /* WidgetSample */ = {
			isa = PBXGroup;
			children = (
				81A31FB41D4209E100D5F02D /* AppDelegate.swift */,
				81A31FB51D4209E100D5F02D /* Assets.xcassets */,
				81A31FB61D4209E100D5F02D /* Background_Image.jpeg */,
				81A31FB71D4209E100D5F02D /* LaunchScreen.storyboard */,
				81A31FB91D4209E100D5F02D /* Main.storyboard */,
				81A31FBB1D4209E100D5F02D /* Info.plist */,
				81A31FBC1D4209E100D5F02D /* ViewController.swift */,
			);
			path = WidgetSample;
			sourceTree = "<group>";
		};
/* End PBXGroup section */

/* Begin PBXNativeTarget section */
		819A874F1D330F1400C40406 /* WidgetSample */ = {
			isa = PBXNativeTarget;
			buildConfigurationList = 819A87621D330F1400C40406 /* Build configuration list for PBXNativeTarget "WidgetSample" */;
			buildPhases = (
				819A874C1D330F1400C40406 /* Sources */,
				819A874D1D330F1400C40406 /* Frameworks */,
				819A874E1D330F1400C40406 /* Resources */,
			);
			buildRules = (
			);
			dependencies = (
			);
			name = WidgetSample;
			productName = QuickPoll;
			productReference = 819A87501D330F1400C40406 /* WidgetSample.app */;
			productType = "com.apple.product-type.application";
		};
/* End PBXNativeTarget section */

/* Begin PBXProject section */
		819A87481D330F1400C40406 /* Project object */ = {
			isa = PBXProject;
			attributes = {
				LastSwiftUpdateCheck = 0730;
				LastUpgradeCheck = 0730;
				ORGANIZATIONNAME = Shruthi;
				TargetAttributes = {
					819A874F1D330F1400C40406 = {
						CreatedOnToolsVersion = 7.3;
					};
				};
			};
			buildConfigurationList = 819A874B1D330F1400C40406 /* Build configuration list for PBXProject "WidgetSample" */;
			compatibilityVersion = "Xcode 3.2";
			developmentRegion = English;
			hasScannedForEncodings = 0;
			knownRegions = (
				en,
				Base,
			);
			mainGroup = 819A87471D330F1400C40406;
			productRefGroup = 819A87511D330F1400C40406 /* Products */;
			projectDirPath = "";
			projectRoot = "";
			targets = (
				819A874F1D330F1400C40406 /* WidgetSample */,
			);
		};
/* End PBXProject section */

/* Begin PBXResourcesBuildPhase section */
		819A874E1D330F1400C40406 /* Resources */ = {
			isa = PBXResourcesBuildPhase;
			buildActionMask = 2147483647;
			files = (
				81A31FC21D4209E100D5F02D /* Info.plist in Resources */,
				81A31FC11D4209E100D5F02D /* Main.storyboard in Resources */,
				81A31FBF1D4209E100D5F02D /* Background_Image.jpeg in Resources */,
				81A31FC01D4209E100D5F02D /* LaunchScreen.storyboard in Resources */,
				81A31FBE1D4209E100D5F02D /* Assets.xcassets in Resources */,
			);
			runOnlyForDeploymentPostprocessing = 0;
		};
/* End PBXResourcesBuildPhase section */

/* Begin PBXSourcesBuildPhase section */
		819A874C1D330F1400C40406 /* Sources */ = {
			isa = PBXSourcesBuildPhase;
			buildActionMask = 2147483647;
			files = (
				81A31FBD1D4209E100D5F02D /* AppDelegate.swift in Sources */,
				81A31FC31D4209E100D5F02D /* ViewController.swift in Sources */,
			);
			runOnlyForDeploymentPostprocessing = 0;
		};
/* End PBXSourcesBuildPhase section */

/* Begin PBXVariantGroup section */
		81A31FB71D4209E100D5F02D /* LaunchScreen.storyboard */ = {
			isa = PBXVariantGroup;
			children = (
				81A31FB81D4209E100D5F02D /* Base */,
			);
			name = LaunchScreen.storyboard;
			sourceTree = "<group>";
		};
		81A31FB91D4209E100D5F02D /* Main.storyboard */ = {
			isa = PBXVariantGroup;
			children = (
				81A31FBA1D4209E100D5F02D /* Base */,
			);
			name = Main.storyboard;
			sourceTree = "<group>";
		};
/* End PBXVariantGroup section */

/* Begin XCBuildConfiguration section */
		819A87601D330F1400C40406 /* Debug */ = {
			isa = XCBuildConfiguration;
			buildSettings = {
				ALWAYS_SEARCH_USER_PATHS = NO;
				CLANG_ANALYZER_NONNULL = YES;
				CLANG_CXX_LANGUAGE_STANDARD = "gnu++0x";
				CLANG_CXX_LIBRARY = "libc++";
				CLANG_ENABLE_MODULES = YES;
				CLANG_ENABLE_OBJC_ARC = YES;
				CLANG_WARN_BOOL_CONVERSION = YES;
				CLANG_WARN_CONSTANT_CONVERSION = YES;
				CLANG_WARN_DIRECT_OBJC_ISA_USAGE = YES_ERROR;
				CLANG_WARN_EMPTY_BODY = YES;
				CLANG_WARN_ENUM_CONVERSION = YES;
				CLANG_WARN_INT_CONVERSION = YES;
				CLANG_WARN_OBJC_ROOT_CLASS = YES_ERROR;
				CLANG_WARN_UNREACHABLE_CODE = YES;
				CLANG_WARN__DUPLICATE_METHOD_MATCH = YES;
				"CODE_SIGN_IDENTITY[sdk=iphoneos*]" = "iPhone Developer";
				COPY_PHASE_STRIP = NO;
				DEBUG_INFORMATION_FORMAT = dwarf;
				ENABLE_STRICT_OBJC_MSGSEND = YES;
				ENABLE_TESTABILITY = YES;
				GCC_C_LANGUAGE_STANDARD = gnu99;
				GCC_DYNAMIC_NO_PIC = NO;
				GCC_NO_COMMON_BLOCKS = YES;
				GCC_OPTIMIZATION_LEVEL = 0;
				GCC_PREPROCESSOR_DEFINITIONS = (
					"DEBUG=1",
					"$(inherited)",
				);
				GCC_WARN_64_TO_32_BIT_CONVERSION = YES;
				GCC_WARN_ABOUT_RETURN_TYPE = YES_ERROR;
				GCC_WARN_UNDECLARED_SELECTOR = YES;
				GCC_WARN_UNINITIALIZED_AUTOS = YES_AGGRESSIVE;
				GCC_WARN_UNUSED_FUNCTION = YES;
				GCC_WARN_UNUSED_VARIABLE = YES;
				IPHONEOS_DEPLOYMENT_TARGET = 9.3;
				MTL_ENABLE_DEBUG_INFO = YES;
				ONLY_ACTIVE_ARCH = YES;
				SDKROOT = iphoneos;
				SWIFT_OPTIMIZATION_LEVEL = "-Onone";
				SWIFT_VERSION = 3.0;
			};
			name = Debug;
		};
		819A87611D330F1400C40406 /* Release */ = {
			isa = XCBuildConfiguration;
			buildSettings = {
				ALWAYS_SEARCH_USER_PATHS = NO;
				CLANG_ANALYZER_NONNULL = YES;
				CLANG_CXX_LANGUAGE_STANDARD = "gnu++0x";
				CLANG_CXX_LIBRARY = "libc++";
				CLANG_ENABLE_MODULES = YES;
				CLANG_ENABLE_OBJC_ARC = YES;
				CLANG_WARN_BOOL_CONVERSION = YES;
				CLANG_WARN_CONSTANT_CONVERSION = YES;
				CLANG_WARN_DIRECT_OBJC_ISA_USAGE = YES_ERROR;
				CLANG_WARN_EMPTY_BODY = YES;
				CLANG_WARN_ENUM_CONVERSION = YES;
				CLANG_WARN_INT_CONVERSION = YES;
				CLANG_WARN_OBJC_ROOT_CLASS = YES_ERROR;
				CLANG_WARN_UNREACHABLE_CODE = YES;
				CLANG_WARN__DUPLICATE_METHOD_MATCH = YES;
				"CODE_SIGN_IDENTITY[sdk=iphoneos*]" = "iPhone Developer";
				COPY_PHASE_STRIP = NO;
				DEBUG_INFORMATION_FORMAT = "dwarf-with-dsym";
				ENABLE_NS_ASSERTIONS = NO;
				ENABLE_STRICT_OBJC_MSGSEND = YES;
				GCC_C_LANGUAGE_STANDARD = gnu99;
				GCC_NO_COMMON_BLOCKS = YES;
				GCC_WARN_64_TO_32_BIT_CONVERSION = YES;
				GCC_WARN_ABOUT_RETURN_TYPE = YES_ERROR;
				GCC_WARN_UNDECLARED_SELECTOR = YES;
				GCC_WARN_UNINITIALIZED_AUTOS = YES_AGGRESSIVE;
				GCC_WARN_UNUSED_FUNCTION = YES;
				GCC_WARN_UNUSED_VARIABLE = YES;
				IPHONEOS_DEPLOYMENT_TARGET = 9.3;
				MTL_ENABLE_DEBUG_INFO = NO;
				SDKROOT = iphoneos;
				SWIFT_VERSION = 3.0;
				VALIDATE_PRODUCT = YES;
			};
			name = Release;
		};
		819A87631D330F1400C40406 /* Debug */ = {
			isa = XCBuildConfiguration;
			buildSettings = {
				ASSETCATALOG_COMPILER_APPICON_NAME = AppIcon;
				INFOPLIST_FILE = "$(SRCROOT)/WidgetSample/Info.plist";
				IPHONEOS_DEPLOYMENT_TARGET = 9.2;
				LD_RUNPATH_SEARCH_PATHS = "$(inherited) @executable_path/Frameworks";
				PRODUCT_BUNDLE_IDENTIFIER = OmniMarketTide.WidgetSample;
				PRODUCT_NAME = WidgetSample;
				SWIFT_VERSION = 3.0;
			};
			name = Debug;
		};
		819A87641D330F1400C40406 /* Release */ = {
			isa = XCBuildConfiguration;
			buildSettings = {
				ASSETCATALOG_COMPILER_APPICON_NAME = AppIcon;
				INFOPLIST_FILE = "$(SRCROOT)/WidgetSample/Info.plist";
				IPHONEOS_DEPLOYMENT_TARGET = 9.2;
				LD_RUNPATH_SEARCH_PATHS = "$(inherited) @executable_path/Frameworks";
				PRODUCT_BUNDLE_IDENTIFIER = OmniMarketTide.WidgetSample;
				PRODUCT_NAME = WidgetSample;
				SWIFT_VERSION = 3.0;
			};
			name = Release;
		};
/* End XCBuildConfiguration section */

/* Begin XCConfigurationList section */
		819A874B1D330F1400C40406 /* Build configuration list for PBXProject "WidgetSample" */ = {
			isa = XCConfigurationList;
			buildConfigurations = (
				819A87601D330F1400C40406 /* Debug */,
				819A87611D330F1400C40406 /* Release */,
			);
			defaultConfigurationIsVisible = 0;
			defaultConfigurationName = Release;
		};
		819A87621D330F1400C40406 /* Build configuration list for PBXNativeTarget "WidgetSample" */ = {
			isa = XCConfigurationList;
			buildConfigurations = (
				819A87631D330F1400C40406 /* Debug */,
				819A87641D330F1400C40406 /* Release */,
			);
			defaultConfigurationIsVisible = 0;
			defaultConfigurationName = Release;
		};
/* End XCConfigurationList section */
	};
	rootObject = 819A87481D330F1400C40406 /* Project object */;
}
